// !$*UTF8*$!
{
	archiveVersion = 1;
	classes = {
	};
	objectVersion = 46;
	objects = {

/* Begin PBXBuildFile section */
		044EAF021A65DF8300967BBE /* AppDelegate.swift in Sources */ = {isa = PBXBuildFile; fileRef = 044EAF011A65DF8300967BBE /* AppDelegate.swift */; };
		044EAF041A65DF8300967BBE /* ViewController.swift in Sources */ = {isa = PBXBuildFile; fileRef = 044EAF031A65DF8300967BBE /* ViewController.swift */; };
		044EAF071A65DF8300967BBE /* Main.storyboard in Resources */ = {isa = PBXBuildFile; fileRef = 044EAF051A65DF8300967BBE /* Main.storyboard */; };
		044EAF091A65DF8300967BBE /* Images.xcassets in Resources */ = {isa = PBXBuildFile; fileRef = 044EAF081A65DF8300967BBE /* Images.xcassets */; };
		044EAF0C1A65DF8300967BBE /* LaunchScreen.xib in Resources */ = {isa = PBXBuildFile; fileRef = 044EAF0A1A65DF8300967BBE /* LaunchScreen.xib */; };
		044EAF181A65DF8300967BBE /* TicTacToeSimplegameTests.swift in Sources */ = {isa = PBXBuildFile; fileRef = 044EAF171A65DF8300967BBE /* TicTacToeSimplegameTests.swift */; };
/* End PBXBuildFile section */

/* Begin PBXContainerItemProxy section */
		044EAF121A65DF8300967BBE /* PBXContainerItemProxy */ = {
			isa = PBXContainerItemProxy;
			containerPortal = 044EAEF41A65DF8300967BBE /* Project object */;
			proxyType = 1;
			remoteGlobalIDString = 044EAEFB1A65DF8300967BBE;
			remoteInfo = TicTacToeSimplegame;
		};
/* End PBXContainerItemProxy section */

/* Begin PBXFileReference section */
		044EAEFC1A65DF8300967BBE /* TicTacToeSimplegame.app */ = {isa = PBXFileReference; explicitFileType = wrapper.application; includeInIndex = 0; path = TicTacToeSimplegame.app; sourceTree = BUILT_PRODUCTS_DIR; };
		044EAF001A65DF8300967BBE /* Info.plist */ = {isa = PBXFileReference; lastKnownFileType = text.plist.xml; path = Info.plist; sourceTree = "<group>"; };
		044EAF011A65DF8300967BBE /* AppDelegate.swift */ = {isa = PBXFileReference; lastKnownFileType = sourcecode.swift; path = AppDelegate.swift; sourceTree = "<group>"; };
		044EAF031A65DF8300967BBE /* ViewController.swift */ = {isa = PBXFileReference; lastKnownFileType = sourcecode.swift; path = ViewController.swift; sourceTree = "<group>"; };
		044EAF061A65DF8300967BBE /* Base */ = {isa = PBXFileReference; lastKnownFileType = file.storyboard; name = Base; path = Base.lproj/Main.storyboard; sourceTree = "<group>"; };
		044EAF081A65DF8300967BBE /* Images.xcassets */ = {isa = PBXFileReference; lastKnownFileType = folder.assetcatalog; path = Images.xcassets; sourceTree = "<group>"; };
		044EAF0B1A65DF8300967BBE /* Base */ = {isa = PBXFileReference; lastKnownFileType = file.xib; name = Base; path = Base.lproj/LaunchScreen.xib; sourceTree = "<group>"; };
		044EAF111A65DF8300967BBE /* TicTacToeSimplegameTests.xctest */ = {isa = PBXFileReference; explicitFileType = wrapper.cfbundle; includeInIndex = 0; path = TicTacToeSimplegameTests.xctest; sourceTree = BUILT_PRODUCTS_DIR; };
		044EAF161A65DF8300967BBE /* Info.plist */ = {isa = PBXFileReference; lastKnownFileType = text.plist.xml; path = Info.plist; sourceTree = "<group>"; };
		044EAF171A65DF8300967BBE /* TicTacToeSimplegameTests.swift */ = {isa = PBXFileReference; lastKnownFileType = sourcecode.swift; path = TicTacToeSimplegameTests.swift; sourceTree = "<group>"; };
/* End PBXFileReference section */

/* Begin PBXFrameworksBuildPhase section */
		044EAEF91A65DF8300967BBE /* Frameworks */ = {
			isa = PBXFrameworksBuildPhase;
			buildActionMask = 2147483647;
			files = (
			);
			runOnlyForDeploymentPostprocessing = 0;
		};
		044EAF0E1A65DF8300967BBE /* Frameworks */ = {
			isa = PBXFrameworksBuildPhase;
			buildActionMask = 2147483647;
			files = (
			);
			runOnlyForDeploymentPostprocessing = 0;
		};
/* End PBXFrameworksBuildPhase section */

/* Begin PBXGroup section */
		044EAEF31A65DF8300967BBE = {
			isa = PBXGroup;
			children = (
				044EAEFE1A65DF8300967BBE /* TicTacToeSimplegame */,
				044EAF141A65DF8300967BBE /* TicTacToeSimplegameTests */,
				044EAEFD1A65DF8300967BBE /* Products */,
			);
			sourceTree = "<group>";
		};
		044EAEFD1A65DF8300967BBE /* Products */ = {
			isa = PBXGroup;
			children = (
				044EAEFC1A65DF8300967BBE /* TicTacToeSimplegame.app */,
				044EAF111A65DF8300967BBE /* TicTacToeSimplegameTests.xctest */,
			);
			name = Products;
			sourceTree = "<group>";
		};
		044EAEFE1A65DF8300967BBE /* TicTacToeSimplegame */ = {
			isa = PBXGroup;
			children = (
				044EAF011A65DF8300967BBE /* AppDelegate.swift */,
				044EAF031A65DF8300967BBE /* ViewController.swift */,
				044EAF051A65DF8300967BBE /* Main.storyboard */,
				044EAF081A65DF8300967BBE /* Images.xcassets */,
				044EAF0A1A65DF8300967BBE /* LaunchScreen.xib */,
				044EAEFF1A65DF8300967BBE /* Supporting Files */,
			);
			path = TicTacToeSimplegame;
			sourceTree = "<group>";
		};
		044EAEFF1A65DF8300967BBE /* Supporting Files */ = {
			isa = PBXGroup;
			children = (
				044EAF001A65DF8300967BBE /* Info.plist */,
			);
			name = "Supporting Files";
			sourceTree = "<group>";
		};
		044EAF141A65DF8300967BBE /* TicTacToeSimplegameTests */ = {
			isa = PBXGroup;
			children = (
				044EAF171A65DF8300967BBE /* TicTacToeSimplegameTests.swift */,
				044EAF151A65DF8300967BBE /* Supporting Files */,
			);
			path = TicTacToeSimplegameTests;
			sourceTree = "<group>";
		};
		044EAF151A65DF8300967BBE /* Supporting Files */ = {
			isa = PBXGroup;
			children = (
				044EAF161A65DF8300967BBE /* Info.plist */,
			);
			name = "Supporting Files";
			sourceTree = "<group>";
		};
/* End PBXGroup section */

/* Begin PBXNativeTarget section */
		044EAEFB1A65DF8300967BBE /* TicTacToeSimplegame */ = {
			isa = PBXNativeTarget;
			buildConfigurationList = 044EAF1B1A65DF8400967BBE /* Build configuration list for PBXNativeTarget "TicTacToeSimplegame" */;
			buildPhases = (
				044EAEF81A65DF8300967BBE /* Sources */,
				044EAEF91A65DF8300967BBE /* Frameworks */,
				044EAEFA1A65DF8300967BBE /* Resources */,
			);
			buildRules = (
			);
			dependencies = (
			);
			name = TicTacToeSimplegame;
			productName = TicTacToeSimplegame;
			productReference = 044EAEFC1A65DF8300967BBE /* TicTacToeSimplegame.app */;
			productType = "com.apple.product-type.application";
		};
		044EAF101A65DF8300967BBE /* TicTacToeSimplegameTests */ = {
			isa = PBXNativeTarget;
			buildConfigurationList = 044EAF1E1A65DF8400967BBE /* Build configuration list for PBXNativeTarget "TicTacToeSimplegameTests" */;
			buildPhases = (
				044EAF0D1A65DF8300967BBE /* Sources */,
				044EAF0E1A65DF8300967BBE /* Frameworks */,
				044EAF0F1A65DF8300967BBE /* Resources */,
			);
			buildRules = (
			);
			dependencies = (
				044EAF131A65DF8300967BBE /* PBXTargetDependency */,
			);
			name = TicTacToeSimplegameTests;
			productName = TicTacToeSimplegameTests;
			productReference = 044EAF111A65DF8300967BBE /* TicTacToeSimplegameTests.xctest */;
			productType = "com.apple.product-type.bundle.unit-test";
		};
/* End PBXNativeTarget section */

/* Begin PBXProject section */
		044EAEF41A65DF8300967BBE /* Project object */ = {
			isa = PBXProject;
			attributes = {
				LastUpgradeCheck = 0610;
				ORGANIZATIONNAME = CZ;
				TargetAttributes = {
					044EAEFB1A65DF8300967BBE = {
						CreatedOnToolsVersion = 6.1.1;
					};
					044EAF101A65DF8300967BBE = {
						CreatedOnToolsVersion = 6.1.1;
						TestTargetID = 044EAEFB1A65DF8300967BBE;
					};
				};
			};
			buildConfigurationList = 044EAEF71A65DF8300967BBE /* Build configuration list for PBXProject "TicTacToeSimplegame" */;
			compatibilityVersion = "Xcode 3.2";
			developmentRegion = English;
			hasScannedForEncodings = 0;
			knownRegions = (
				en,
				Base,
			);
			mainGroup = 044EAEF31A65DF8300967BBE;
			productRefGroup = 044EAEFD1A65DF8300967BBE /* Products */;
			projectDirPath = "";
			projectRoot = "";
			targets = (
				044EAEFB1A65DF8300967BBE /* TicTacToeSimplegame */,
				044EAF101A65DF8300967BBE /* TicTacToeSimplegameTests */,
			);
		};
/* End PBXProject section */

/* Begin PBXResourcesBuildPhase section */
		044EAEFA1A65DF8300967BBE /* Resources */ = {
			isa = PBXResourcesBuildPhase;
			buildActionMask = 2147483647;
			files = (
				044EAF071A65DF8300967BBE /* Main.storyboard in Resources */,
				044EAF0C1A65DF8300967BBE /* LaunchScreen.xib in Resources */,
				044EAF091A65DF8300967BBE /* Images.xcassets in Resources */,
			);
			runOnlyForDeploymentPostprocessing = 0;
		};
		044EAF0F1A65DF8300967BBE /* Resources */ = {
			isa = PBXResourcesBuildPhase;
			buildActionMask = 2147483647;
			files = (
			);
			runOnlyForDeploymentPostprocessing = 0;
		};
/* End PBXResourcesBuildPhase section */

/* Begin PBXSourcesBuildPhase section */
		044EAEF81A65DF8300967BBE /* Sources */ = {
			isa = PBXSourcesBuildPhase;
			buildActionMask = 2147483647;
			files = (
				044EAF041A65DF8300967BBE /* ViewController.swift in Sources */,
				044EAF021A65DF8300967BBE /* AppDelegate.swift in Sources */,
			);
			runOnlyForDeploymentPostprocessing = 0;
		};
		044EAF0D1A65DF8300967BBE /* Sources */ = {
			isa = PBXSourcesBuildPhase;
			buildActionMask = 2147483647;
			files = (
				044EAF181A65DF8300967BBE /* TicTacToeSimplegameTests.swift in Sources */,
			);
			runOnlyForDeploymentPostprocessing = 0;
		};
/* End PBXSourcesBuildPhase section */

/* Begin PBXTargetDependency section */
		044EAF131A65DF8300967BBE /* PBXTargetDependency */ = {
			isa = PBXTargetDependency;
			target = 044EAEFB1A65DF8300967BBE /* TicTacToeSimplegame */;
			targetProxy = 044EAF121A65DF8300967BBE /* PBXContainerItemProxy */;
		};
/* End PBXTargetDependency section */

/* Begin PBXVariantGroup section */
		044EAF051A65DF8300967BBE /* Main.storyboard */ = {
			isa = PBXVariantGroup;
			children = (
				044EAF061A65DF8300967BBE /* Base */,
			);
			name = Main.storyboard;
			sourceTree = "<group>";
		};
		044EAF0A1A65DF8300967BBE /* LaunchScreen.xib */ = {
			isa = PBXVariantGroup;
			children = (
				044EAF0B1A65DF8300967BBE /* Base */,
			);
			name = LaunchScreen.xib;
			sourceTree = "<group>";
		};
/* End PBXVariantGroup section */

/* Begin XCBuildConfiguration section */
		044EAF191A65DF8400967BBE /* Debug */ = {
			isa = XCBuildConfiguration;
			buildSettings = {
				ALWAYS_SEARCH_USER_PATHS = NO;
				CLANG_CXX_LANGUAGE_STANDARD = "gnu++0x";
				CLANG_CXX_LIBRARY = "libc++";
				CLANG_ENABLE_MODULES = YES;
				CLANG_ENABLE_OBJC_ARC = YES;
				CLANG_WARN_BOOL_CONVERSION = YES;
				CLANG_WARN_CONSTANT_CONVERSION = YES;
				CLANG_WARN_DIRECT_OBJC_ISA_USAGE = YES_ERROR;
				CLANG_WARN_EMPTY_BODY = YES;
				CLANG_WARN_ENUM_CONVERSION = YES;
				CLANG_WARN_INT_CONVERSION = YES;
				CLANG_WARN_OBJC_ROOT_CLASS = YES_ERROR;
				CLANG_WARN_UNREACHABLE_CODE = YES;
				CLANG_WARN__DUPLICATE_METHOD_MATCH = YES;
				"CODE_SIGN_IDENTITY[sdk=iphoneos*]" = "iPhone Developer";
				COPY_PHASE_STRIP = NO;
				ENABLE_STRICT_OBJC_MSGSEND = YES;
				GCC_C_LANGUAGE_STANDARD = gnu99;
				GCC_DYNAMIC_NO_PIC = NO;
				GCC_OPTIMIZATION_LEVEL = 0;
				GCC_PREPROCESSOR_DEFINITIONS = (
					"DEBUG=1",
					"$(inherited)",
				);
				GCC_SYMBOLS_PRIVATE_EXTERN = NO;
				GCC_WARN_64_TO_32_BIT_CONVERSION = YES;
				GCC_WARN_ABOUT_RETURN_TYPE = YES_ERROR;
				GCC_WARN_UNDECLARED_SELECTOR = YES;
				GCC_WARN_UNINITIALIZED_AUTOS = YES_AGGRESSIVE;
				GCC_WARN_UNUSED_FUNCTION = YES;
				GCC_WARN_UNUSED_VARIABLE = YES;
				IPHONEOS_DEPLOYMENT_TARGET = 8.1;
				MTL_ENABLE_DEBUG_INFO = YES;
				ONLY_ACTIVE_ARCH = YES;
				SDKROOT = iphoneos;
				SWIFT_OPTIMIZATION_LEVEL = "-Onone";
			};
			name = Debug;
		};
		044EAF1A1A65DF8400967BBE /* Release */ = {
			isa = XCBuildConfiguration;
			buildSettings = {
				ALWAYS_SEARCH_USER_PATHS = NO;
				CLANG_CXX_LANGUAGE_STANDARD = "gnu++0x";
				CLANG_CXX_LIBRARY = "libc++";
				CLANG_ENABLE_MODULES = YES;
				CLANG_ENABLE_OBJC_ARC = YES;
				CLANG_WARN_BOOL_CONVERSION = YES;
				CLANG_WARN_CONSTANT_CONVERSION = YES;
				CLANG_WARN_DIRECT_OBJC_ISA_USAGE = YES_ERROR;
				CLANG_WARN_EMPTY_BODY = YES;
				CLANG_WARN_ENUM_CONVERSION = YES;
				CLANG_WARN_INT_CONVERSION = YES;
				CLANG_WARN_OBJC_ROOT_CLASS = YES_ERROR;
				CLANG_WARN_UNREACHABLE_CODE = YES;
				CLANG_WARN__DUPLICATE_METHOD_MATCH = YES;
				"CODE_SIGN_IDENTITY[sdk=iphoneos*]" = "iPhone Developer";
				COPY_PHASE_STRIP = YES;
				ENABLE_NS_ASSERTIONS = NO;
				ENABLE_STRICT_OBJC_MSGSEND = YES;
				GCC_C_LANGUAGE_STANDARD = gnu99;
				GCC_WARN_64_TO_32_BIT_CONVERSION = YES;
				GCC_WARN_ABOUT_RETURN_TYPE = YES_ERROR;
				GCC_WARN_UNDECLARED_SELECTOR = YES;
				GCC_WARN_UNINITIALIZED_AUTOS = YES_AGGRESSIVE;
				GCC_WARN_UNUSED_FUNCTION = YES;
				GCC_WARN_UNUSED_VARIABLE = YES;
				IPHONEOS_DEPLOYMENT_TARGET = 8.1;
				MTL_ENABLE_DEBUG_INFO = NO;
				SDKROOT = iphoneos;
				VALIDATE_PRODUCT = YES;
			};
			name = Release;
		};
		044EAF1C1A65DF8400967BBE /* Debug */ = {
			isa = XCBuildConfiguration;
			buildSettings = {
				ASSETCATALOG_COMPILER_APPICON_NAME = AppIcon;
				INFOPLIST_FILE = TicTacToeSimplegame/Info.plist;
				LD_RUNPATH_SEARCH_PATHS = "$(inherited) @executable_path/Frameworks";
				PRODUCT_NAME = "$(TARGET_NAME)";
			};
			name = Debug;
		};
		044EAF1D1A65DF8400967BBE /* Release */ = {
			isa = XCBuildConfiguration;
			buildSettings = {
				ASSETCATALOG_COMPILER_APPICON_NAME = AppIcon;
				INFOPLIST_FILE = TicTacToeSimplegame/Info.plist;
				LD_RUNPATH_SEARCH_PATHS = "$(inherited) @executable_path/Frameworks";
				PRODUCT_NAME = "$(TARGET_NAME)";
			};
			name = Release;
		};
		044EAF1F1A65DF8400967BBE /* Debug */ = {
			isa = XCBuildConfiguration;
			buildSettings = {
				BUNDLE_LOADER = "$(TEST_HOST)";
				FRAMEWORK_SEARCH_PATHS = (
					"$(SDKROOT)/Developer/Library/Frameworks",
					"$(inherited)",
				);
				GCC_PREPROCESSOR_DEFINITIONS = (
					"DEBUG=1",
					"$(inherited)",
				);
				INFOPLIST_FILE = TicTacToeSimplegameTests/Info.plist;
				LD_RUNPATH_SEARCH_PATHS = "$(inherited) @executable_path/Frameworks @loader_path/Frameworks";
				PRODUCT_NAME = "$(TARGET_NAME)";
				TEST_HOST = "$(BUILT_PRODUCTS_DIR)/TicTacToeSimplegame.app/TicTacToeSimplegame";
			};
			name = Debug;
		};
		044EAF201A65DF8400967BBE /* Release */ = {
			isa = XCBuildConfiguration;
			buildSettings = {
				BUNDLE_LOADER = "$(TEST_HOST)";
				FRAMEWORK_SEARCH_PATHS = (
					"$(SDKROOT)/Developer/Library/Frameworks",
					"$(inherited)",
				);
				INFOPLIST_FILE = TicTacToeSimplegameTests/Info.plist;
				LD_RUNPATH_SEARCH_PATHS = "$(inherited) @executable_path/Frameworks @loader_path/Frameworks";
				PRODUCT_NAME = "$(TARGET_NAME)";
				TEST_HOST = "$(BUILT_PRODUCTS_DIR)/TicTacToeSimplegame.app/TicTacToeSimplegame";
			};
			name = Release;
		};
/* End XCBuildConfiguration section */

/* Begin XCConfigurationList section */
		044EAEF71A65DF8300967BBE /* Build configuration list for PBXProject "TicTacToeSimplegame" */ = {
			isa = XCConfigurationList;
			buildConfigurations = (
				044EAF191A65DF8400967BBE /* Debug */,
				044EAF1A1A65DF8400967BBE /* Release */,
			);
			defaultConfigurationIsVisible = 0;
			defaultConfigurationName = Release;
		};
		044EAF1B1A65DF8400967BBE /* Build configuration list for PBXNativeTarget "TicTacToeSimplegame" */ = {
			isa = XCConfigurationList;
			buildConfigurations = (
				044EAF1C1A65DF8400967BBE /* Debug */,
				044EAF1D1A65DF8400967BBE /* Release */,
			);
			defaultConfigurationIsVisible = 0;
		};
		044EAF1E1A65DF8400967BBE /* Build configuration list for PBXNativeTarget "TicTacToeSimplegameTests" */ = {
			isa = XCConfigurationList;
			buildConfigurations = (
				044EAF1F1A65DF8400967BBE /* Debug */,
				044EAF201A65DF8400967BBE /* Release */,
			);
			defaultConfigurationIsVisible = 0;
		};
/* End XCConfigurationList section */
	};
	rootObject = 044EAEF41A65DF8300967BBE /* Project object */;
}
